<?xml version="1.0" encoding="utf-8"?>
<Project ToolsVersion="4.0" xmlns="http://schemas.microsoft.com/developer/msbuild/2003">
  <ItemGroup>
    <ClCompile Include="Drawing.cpp">
      <Filter>Source</Filter>
    </ClCompile>
    <ClCompile Include="Common.cpp">
      <Filter>Source</Filter>
    </ClCompile>
    <ClCompile Include="Fiber.cpp">
      <Filter>Source</Filter>
    </ClCompile>
    <ClCompile Include="Hooking.cpp">
      <Filter>Source</Filter>
    </ClCompile>
    <ClCompile Include="Interface.cpp">
      <Filter>Source</Filter>
    </ClCompile>
    <ClCompile Include="Invoker.cpp">
      <Filter>Source</Filter>
    </ClCompile>
    <ClCompile Include="Logger.cpp">
      <Filter>Source</Filter>
    </ClCompile>
    <ClCompile Include="Main.cpp">
      <Filter>Source</Filter>
    </ClCompile>
    <ClCompile Include="Pointers.cpp">
      <Filter>Source</Filter>
    </ClCompile>
  </ItemGroup>
  <ItemGroup>
    <ClInclude Include="Common.hpp">
      <Filter>Header</Filter>
    </ClInclude>
    <ClInclude Include="Crossmap.hpp">
      <Filter>Header</Filter>
    </ClInclude>
    <ClInclude Include="Drawing.hpp">
      <Filter>Header</Filter>
    </ClInclude>
    <ClInclude Include="Enum.hpp">
      <Filter>Header</Filter>
    </ClInclude>
    <ClInclude Include="Fiber.hpp">
      <Filter>Header</Filter>
    </ClInclude>
    <ClInclude Include="Hooking.hpp">
      <Filter>Header</Filter>
    </ClInclude>
    <ClInclude Include="Interface.hpp">
      <Filter>Header</Filter>
    </ClInclude>
    <ClInclude Include="Invoker.hpp">
      <Filter>Header</Filter>
    </ClInclude>
    <ClInclude Include="Keyboard.hpp">
      <Filter>Header</Filter>
    </ClInclude>
    <ClInclude Include="Logger.hpp">
      <Filter>Header</Filter>
    </ClInclude>
    <ClInclude Include="Memory.hpp">
      <Filter>Header</Filter>
    </ClInclude>
    <ClInclude Include="Natives.hpp">
      <Filter>Header</Filter>
    </ClInclude>
    <ClInclude Include="Pointers.hpp">
      <Filter>Header</Filter>
    </ClInclude>
    <ClInclude Include="ScriptGlobal.hpp">
      <Filter>Header</Filter>
    </ClInclude>
    <ClInclude Include="Types.hpp">
      <Filter>Header</Filter>
    </ClInclude>
  </ItemGroup>
  <ItemGroup>
    <Filter Include="Header">
      <UniqueIdentifier>{ed7a3d4c-9125-4755-ba20-35499d196bb9}</UniqueIdentifier>
    </Filter>
    <Filter Include="Source">
      <UniqueIdentifier>{9c45c34e-7db9-40be-b509-d30dc3454a13}</UniqueIdentifier>
    </Filter>
  </ItemGroup>
</Project>